
Microsoft Visual Studio Solution File, Format Version 12.00
# Visual Studio Version 16
VisualStudioVersion = 16.0.31605.320
MinimumVisualStudioVersion = 10.0.40219.1
Project("{8BC9CEB8-8B4A-11D0-8D11-00A0C91BC942}") = "Ceasars CIpher", "Ceasars CIpher\Ceasars CIpher.vcxproj", "{6A2A3C37-7769-4963-9043-34E4536BDF3B}"
EndProject
Global
	GlobalSection(SolutionConfigurationPlatforms) = preSolution
		Debug|x64 = Debug|x64
		Debug|x86 = Debug|x86
		Release|x64 = Release|x64
		Release|x86 = Release|x86
	EndGlobalSection
	GlobalSection(ProjectConfigurationPlatforms) = postSolution
		{6A2A3C37-7769-4963-9043-34E4536BDF3B}.Debug|x64.ActiveCfg = Debug|x64
		{6A2A3C37-7769-4963-9043-34E4536BDF3B}.Debug|x64.Build.0 = Debug|x64
		{6A2A3C37-7769-4963-9043-34E4536BDF3B}.Debug|x86.ActiveCfg = Debug|Win32
		{6A2A3C37-7769-4963-9043-34E4536BDF3B}.Debug|x86.Build.0 = Debug|Win32
		{6A2A3C37-7769-4963-9043-34E4536BDF3B}.Release|x64.ActiveCfg = Release|x64
		{6A2A3C37-7769-4963-9043-34E4536BDF3B}.Release|x64.Build.0 = Release|x64
		{6A2A3C37-7769-4963-9043-34E4536BDF3B}.Release|x86.ActiveCfg = Release|Win32
		{6A2A3C37-7769-4963-9043-34E4536BDF3B}.Release|x86.Build.0 = Release|Win32
	EndGlobalSection
	GlobalSection(SolutionProperties) = preSolution
		HideSolutionNode = FALSE
	EndGlobalSection
	GlobalSection(ExtensibilityGlobals) = postSolution
		SolutionGuid = {08F3444C-DD35-43B5-B3DF-A247E2C9B3FF}
	EndGlobalSection
EndGlobal
